{
  "requires": true,
  "lockfileVersion": 1,
  "dependencies": {
    "trumbowyg": {
      "version": "2.11.0",
      "resolved": "https://registry.npmjs.org/trumbowyg/-/trumbowyg-2.11.0.tgz",
      "integrity": "sha512-WMj2pLCdOS272POOmCX89vzFYx50FDkWVuAa9iHOae6F8rNxhsRJIzqH3+bzsq0SLyj5Y+2Mra5a6K6wd3JbTg=="
    }
  }
}
